// !$*UTF8*$!
{
	archiveVersion = 1;
	classes = {
	};
	objectVersion = 51;
	objects = {

/* Begin PBXBuildFile section */
		3484CCEC45DF4B7C9FD29CC4 /* Pods_PokedexTests.framework in Frameworks */ = {isa = PBXBuildFile; fileRef = 1AA9899AF689721E30BC46DF /* Pods_PokedexTests.framework */; };
		3C58886EFF3E2FDF75AEAD3F /* Pods_Pokedex.framework in Frameworks */ = {isa = PBXBuildFile; fileRef = CE202C30EB880C64CCA01309 /* Pods_Pokedex.framework */; };
		9460A82F26ACA8670069ADE3 /* Detail.storyboard in Resources */ = {isa = PBXBuildFile; fileRef = 9460A82E26ACA8670069ADE3 /* Detail.storyboard */; };
		9460A83126ACAB770069ADE3 /* PokemonDetailViewController.swift in Sources */ = {isa = PBXBuildFile; fileRef = 9460A83026ACAB770069ADE3 /* PokemonDetailViewController.swift */; };
		9460A83726ACC0600069ADE3 /* UIView+Extensions.swift in Sources */ = {isa = PBXBuildFile; fileRef = 9460A83626ACC0600069ADE3 /* UIView+Extensions.swift */; };
		9460A83926ACC0840069ADE3 /* MockDataSource.swift in Sources */ = {isa = PBXBuildFile; fileRef = 9460A83826ACC0840069ADE3 /* MockDataSource.swift */; };
		948ECF9226AC7CC6007B8626 /* AppDelegate.swift in Sources */ = {isa = PBXBuildFile; fileRef = 948ECF9126AC7CC6007B8626 /* AppDelegate.swift */; };
		948ECF9426AC7CC6007B8626 /* SceneDelegate.swift in Sources */ = {isa = PBXBuildFile; fileRef = 948ECF9326AC7CC6007B8626 /* SceneDelegate.swift */; };
		948ECF9626AC7CC6007B8626 /* ViewController.swift in Sources */ = {isa = PBXBuildFile; fileRef = 948ECF9526AC7CC6007B8626 /* ViewController.swift */; };
		948ECF9926AC7CC6007B8626 /* Main.storyboard in Resources */ = {isa = PBXBuildFile; fileRef = 948ECF9726AC7CC6007B8626 /* Main.storyboard */; };
		948ECF9C26AC7CC6007B8626 /* Pokedex.xcdatamodeld in Sources */ = {isa = PBXBuildFile; fileRef = 948ECF9A26AC7CC6007B8626 /* Pokedex.xcdatamodeld */; };
		948ECF9E26AC7CC7007B8626 /* Assets.xcassets in Resources */ = {isa = PBXBuildFile; fileRef = 948ECF9D26AC7CC7007B8626 /* Assets.xcassets */; };
		948ECFA126AC7CC7007B8626 /* LaunchScreen.storyboard in Resources */ = {isa = PBXBuildFile; fileRef = 948ECF9F26AC7CC7007B8626 /* LaunchScreen.storyboard */; };
		948ECFAC26AC7CC7007B8626 /* PokedexTests.swift in Sources */ = {isa = PBXBuildFile; fileRef = 948ECFAB26AC7CC7007B8626 /* PokedexTests.swift */; };
		948ECFB726AC7CC7007B8626 /* PokedexUITests.swift in Sources */ = {isa = PBXBuildFile; fileRef = 948ECFB626AC7CC7007B8626 /* PokedexUITests.swift */; };
		D693D606D6491A1C35F4ACDF /* Pods_Pokedex_PokedexUITests.framework in Frameworks */ = {isa = PBXBuildFile; fileRef = 656185C6B8BDAC99E07BDC7E /* Pods_Pokedex_PokedexUITests.framework */; };
/* End PBXBuildFile section */

/* Begin PBXContainerItemProxy section */
		948ECFA826AC7CC7007B8626 /* PBXContainerItemProxy */ = {
			isa = PBXContainerItemProxy;
			containerPortal = 948ECF8626AC7CC6007B8626 /* Project object */;
			proxyType = 1;
			remoteGlobalIDString = 948ECF8D26AC7CC6007B8626;
			remoteInfo = Pokedex;
		};
		948ECFB326AC7CC7007B8626 /* PBXContainerItemProxy */ = {
			isa = PBXContainerItemProxy;
			containerPortal = 948ECF8626AC7CC6007B8626 /* Project object */;
			proxyType = 1;
			remoteGlobalIDString = 948ECF8D26AC7CC6007B8626;
			remoteInfo = Pokedex;
		};
/* End PBXContainerItemProxy section */

/* Begin PBXFileReference section */
		165DB860C1A57AADC6A0F2C2 /* Pods-Pokedex.debug.xcconfig */ = {isa = PBXFileReference; includeInIndex = 1; lastKnownFileType = text.xcconfig; name = "Pods-Pokedex.debug.xcconfig"; path = "Target Support Files/Pods-Pokedex/Pods-Pokedex.debug.xcconfig"; sourceTree = "<group>"; };
		1AA9899AF689721E30BC46DF /* Pods_PokedexTests.framework */ = {isa = PBXFileReference; explicitFileType = wrapper.framework; includeInIndex = 0; path = Pods_PokedexTests.framework; sourceTree = BUILT_PRODUCTS_DIR; };
		31FE45EAA8D41D89EFF9C4AB /* Pods-PokedexTests.debug.xcconfig */ = {isa = PBXFileReference; includeInIndex = 1; lastKnownFileType = text.xcconfig; name = "Pods-PokedexTests.debug.xcconfig"; path = "Target Support Files/Pods-PokedexTests/Pods-PokedexTests.debug.xcconfig"; sourceTree = "<group>"; };
		5CE0D241DD9601DD00BFCEB8 /* Pods-Pokedex-PokedexUITests.release.xcconfig */ = {isa = PBXFileReference; includeInIndex = 1; lastKnownFileType = text.xcconfig; name = "Pods-Pokedex-PokedexUITests.release.xcconfig"; path = "Target Support Files/Pods-Pokedex-PokedexUITests/Pods-Pokedex-PokedexUITests.release.xcconfig"; sourceTree = "<group>"; };
		656185C6B8BDAC99E07BDC7E /* Pods_Pokedex_PokedexUITests.framework */ = {isa = PBXFileReference; explicitFileType = wrapper.framework; includeInIndex = 0; path = Pods_Pokedex_PokedexUITests.framework; sourceTree = BUILT_PRODUCTS_DIR; };
		824065CDCDF521A47847DB95 /* Pods-Pokedex-PokedexUITests.debug.xcconfig */ = {isa = PBXFileReference; includeInIndex = 1; lastKnownFileType = text.xcconfig; name = "Pods-Pokedex-PokedexUITests.debug.xcconfig"; path = "Target Support Files/Pods-Pokedex-PokedexUITests/Pods-Pokedex-PokedexUITests.debug.xcconfig"; sourceTree = "<group>"; };
		85BD0D6009CE48656AA79DE4 /* Pods-PokedexTests.release.xcconfig */ = {isa = PBXFileReference; includeInIndex = 1; lastKnownFileType = text.xcconfig; name = "Pods-PokedexTests.release.xcconfig"; path = "Target Support Files/Pods-PokedexTests/Pods-PokedexTests.release.xcconfig"; sourceTree = "<group>"; };
		9460A82E26ACA8670069ADE3 /* Detail.storyboard */ = {isa = PBXFileReference; lastKnownFileType = file.storyboard; path = Detail.storyboard; sourceTree = "<group>"; };
		9460A83026ACAB770069ADE3 /* PokemonDetailViewController.swift */ = {isa = PBXFileReference; lastKnownFileType = sourcecode.swift; path = PokemonDetailViewController.swift; sourceTree = "<group>"; };
		9460A83626ACC0600069ADE3 /* UIView+Extensions.swift */ = {isa = PBXFileReference; lastKnownFileType = sourcecode.swift; path = "UIView+Extensions.swift"; sourceTree = "<group>"; };
		9460A83826ACC0840069ADE3 /* MockDataSource.swift */ = {isa = PBXFileReference; lastKnownFileType = sourcecode.swift; path = MockDataSource.swift; sourceTree = "<group>"; };
		948ECF8E26AC7CC6007B8626 /* Pokedex.app */ = {isa = PBXFileReference; explicitFileType = wrapper.application; includeInIndex = 0; path = Pokedex.app; sourceTree = BUILT_PRODUCTS_DIR; };
		948ECF9126AC7CC6007B8626 /* AppDelegate.swift */ = {isa = PBXFileReference; lastKnownFileType = sourcecode.swift; path = AppDelegate.swift; sourceTree = "<group>"; };
		948ECF9326AC7CC6007B8626 /* SceneDelegate.swift */ = {isa = PBXFileReference; lastKnownFileType = sourcecode.swift; path = SceneDelegate.swift; sourceTree = "<group>"; };
		948ECF9526AC7CC6007B8626 /* ViewController.swift */ = {isa = PBXFileReference; lastKnownFileType = sourcecode.swift; path = ViewController.swift; sourceTree = "<group>"; };
		948ECF9826AC7CC6007B8626 /* Base */ = {isa = PBXFileReference; lastKnownFileType = file.storyboard; name = Base; path = Base.lproj/Main.storyboard; sourceTree = "<group>"; };
		948ECF9B26AC7CC6007B8626 /* Pokedex.xcdatamodel */ = {isa = PBXFileReference; lastKnownFileType = wrapper.xcdatamodel; path = Pokedex.xcdatamodel; sourceTree = "<group>"; };
		948ECF9D26AC7CC7007B8626 /* Assets.xcassets */ = {isa = PBXFileReference; lastKnownFileType = folder.assetcatalog; path = Assets.xcassets; sourceTree = "<group>"; };
		948ECFA026AC7CC7007B8626 /* Base */ = {isa = PBXFileReference; lastKnownFileType = file.storyboard; name = Base; path = Base.lproj/LaunchScreen.storyboard; sourceTree = "<group>"; };
		948ECFA226AC7CC7007B8626 /* Info.plist */ = {isa = PBXFileReference; lastKnownFileType = text.plist.xml; path = Info.plist; sourceTree = "<group>"; };
		948ECFA726AC7CC7007B8626 /* PokedexTests.xctest */ = {isa = PBXFileReference; explicitFileType = wrapper.cfbundle; includeInIndex = 0; path = PokedexTests.xctest; sourceTree = BUILT_PRODUCTS_DIR; };
		948ECFAB26AC7CC7007B8626 /* PokedexTests.swift */ = {isa = PBXFileReference; lastKnownFileType = sourcecode.swift; path = PokedexTests.swift; sourceTree = "<group>"; };
		948ECFAD26AC7CC7007B8626 /* Info.plist */ = {isa = PBXFileReference; lastKnownFileType = text.plist.xml; path = Info.plist; sourceTree = "<group>"; };
		948ECFB226AC7CC7007B8626 /* PokedexUITests.xctest */ = {isa = PBXFileReference; explicitFileType = wrapper.cfbundle; includeInIndex = 0; path = PokedexUITests.xctest; sourceTree = BUILT_PRODUCTS_DIR; };
		948ECFB626AC7CC7007B8626 /* PokedexUITests.swift */ = {isa = PBXFileReference; lastKnownFileType = sourcecode.swift; path = PokedexUITests.swift; sourceTree = "<group>"; };
		948ECFB826AC7CC7007B8626 /* Info.plist */ = {isa = PBXFileReference; lastKnownFileType = text.plist.xml; path = Info.plist; sourceTree = "<group>"; };
		CE202C30EB880C64CCA01309 /* Pods_Pokedex.framework */ = {isa = PBXFileReference; explicitFileType = wrapper.framework; includeInIndex = 0; path = Pods_Pokedex.framework; sourceTree = BUILT_PRODUCTS_DIR; };
		D39402CE3BE0CD60D0558114 /* Pods-Pokedex.release.xcconfig */ = {isa = PBXFileReference; includeInIndex = 1; lastKnownFileType = text.xcconfig; name = "Pods-Pokedex.release.xcconfig"; path = "Target Support Files/Pods-Pokedex/Pods-Pokedex.release.xcconfig"; sourceTree = "<group>"; };
/* End PBXFileReference section */

/* Begin PBXFrameworksBuildPhase section */
		948ECF8B26AC7CC6007B8626 /* Frameworks */ = {
			isa = PBXFrameworksBuildPhase;
			buildActionMask = 2147483647;
			files = (
				3C58886EFF3E2FDF75AEAD3F /* Pods_Pokedex.framework in Frameworks */,
			);
			runOnlyForDeploymentPostprocessing = 0;
		};
		948ECFA426AC7CC7007B8626 /* Frameworks */ = {
			isa = PBXFrameworksBuildPhase;
			buildActionMask = 2147483647;
			files = (
				3484CCEC45DF4B7C9FD29CC4 /* Pods_PokedexTests.framework in Frameworks */,
			);
			runOnlyForDeploymentPostprocessing = 0;
		};
		948ECFAF26AC7CC7007B8626 /* Frameworks */ = {
			isa = PBXFrameworksBuildPhase;
			buildActionMask = 2147483647;
			files = (
				D693D606D6491A1C35F4ACDF /* Pods_Pokedex_PokedexUITests.framework in Frameworks */,
			);
			runOnlyForDeploymentPostprocessing = 0;
		};
/* End PBXFrameworksBuildPhase section */

/* Begin PBXGroup section */
		4798A445ECC4D8FAA7B5D237 /* Frameworks */ = {
			isa = PBXGroup;
			children = (
				CE202C30EB880C64CCA01309 /* Pods_Pokedex.framework */,
				656185C6B8BDAC99E07BDC7E /* Pods_Pokedex_PokedexUITests.framework */,
				1AA9899AF689721E30BC46DF /* Pods_PokedexTests.framework */,
			);
			name = Frameworks;
			path = ..;
			sourceTree = "<group>";
		};
		92FDE13B7A2842BFD22F4731 /* Pods */ = {
			isa = PBXGroup;
			children = (
				165DB860C1A57AADC6A0F2C2 /* Pods-Pokedex.debug.xcconfig */,
				D39402CE3BE0CD60D0558114 /* Pods-Pokedex.release.xcconfig */,
				824065CDCDF521A47847DB95 /* Pods-Pokedex-PokedexUITests.debug.xcconfig */,
				5CE0D241DD9601DD00BFCEB8 /* Pods-Pokedex-PokedexUITests.release.xcconfig */,
				31FE45EAA8D41D89EFF9C4AB /* Pods-PokedexTests.debug.xcconfig */,
				85BD0D6009CE48656AA79DE4 /* Pods-PokedexTests.release.xcconfig */,
			);
			path = Pods;
			sourceTree = "<group>";
		};
		9460A83226ACC01A0069ADE3 /* Extensions */ = {
			isa = PBXGroup;
			children = (
				9460A83626ACC0600069ADE3 /* UIView+Extensions.swift */,
			);
			path = Extensions;
			sourceTree = "<group>";
		};
		9460A83326ACC0210069ADE3 /* Models */ = {
			isa = PBXGroup;
			children = (
				9460A83826ACC0840069ADE3 /* MockDataSource.swift */,
			);
			path = Models;
			sourceTree = "<group>";
		};
		9460A83426ACC0340069ADE3 /* Views */ = {
			isa = PBXGroup;
			children = (
				9460A82E26ACA8670069ADE3 /* Detail.storyboard */,
				948ECF9F26AC7CC7007B8626 /* LaunchScreen.storyboard */,
				948ECF9726AC7CC6007B8626 /* Main.storyboard */,
			);
			path = Views;
			sourceTree = "<group>";
		};
		9460A83526ACC0390069ADE3 /* Controller */ = {
			isa = PBXGroup;
			children = (
				9460A83026ACAB770069ADE3 /* PokemonDetailViewController.swift */,
				948ECF9526AC7CC6007B8626 /* ViewController.swift */,
			);
			path = Controller;
			sourceTree = "<group>";
		};
		948ECF8526AC7CC6007B8626 = {
			isa = PBXGroup;
			children = (
				948ECF9026AC7CC6007B8626 /* Pokedex */,
				948ECFAA26AC7CC7007B8626 /* PokedexTests */,
				948ECFB526AC7CC7007B8626 /* PokedexUITests */,
				948ECF8F26AC7CC6007B8626 /* Products */,
				92FDE13B7A2842BFD22F4731 /* Pods */,
			);
			sourceTree = "<group>";
		};
		948ECF8F26AC7CC6007B8626 /* Products */ = {
			isa = PBXGroup;
			children = (
				948ECF8E26AC7CC6007B8626 /* Pokedex.app */,
				948ECFA726AC7CC7007B8626 /* PokedexTests.xctest */,
				948ECFB226AC7CC7007B8626 /* PokedexUITests.xctest */,
			);
			name = Products;
			sourceTree = "<group>";
		};
		948ECF9026AC7CC6007B8626 /* Pokedex */ = {
			isa = PBXGroup;
			children = (
				9460A83526ACC0390069ADE3 /* Controller */,
				9460A83426ACC0340069ADE3 /* Views */,
				9460A83326ACC0210069ADE3 /* Models */,
				9460A83226ACC01A0069ADE3 /* Extensions */,
				948ECF9126AC7CC6007B8626 /* AppDelegate.swift */,
				948ECF9326AC7CC6007B8626 /* SceneDelegate.swift */,
				948ECF9D26AC7CC7007B8626 /* Assets.xcassets */,
				948ECFA226AC7CC7007B8626 /* Info.plist */,
				948ECF9A26AC7CC6007B8626 /* Pokedex.xcdatamodeld */,
				4798A445ECC4D8FAA7B5D237 /* Frameworks */,
			);
			path = Pokedex;
			sourceTree = "<group>";
		};
		948ECFAA26AC7CC7007B8626 /* PokedexTests */ = {
			isa = PBXGroup;
			children = (
				948ECFAB26AC7CC7007B8626 /* PokedexTests.swift */,
				948ECFAD26AC7CC7007B8626 /* Info.plist */,
			);
			path = PokedexTests;
			sourceTree = "<group>";
		};
		948ECFB526AC7CC7007B8626 /* PokedexUITests */ = {
			isa = PBXGroup;
			children = (
				948ECFB626AC7CC7007B8626 /* PokedexUITests.swift */,
				948ECFB826AC7CC7007B8626 /* Info.plist */,
			);
			path = PokedexUITests;
			sourceTree = "<group>";
		};
/* End PBXGroup section */

/* Begin PBXNativeTarget section */
		948ECF8D26AC7CC6007B8626 /* Pokedex */ = {
			isa = PBXNativeTarget;
			buildConfigurationList = 948ECFBB26AC7CC7007B8626 /* Build configuration list for PBXNativeTarget "Pokedex" */;
			buildPhases = (
				2F58FD6B0A9D1DE8FB7856E8 /* [CP] Check Pods Manifest.lock */,
				948ECF8A26AC7CC6007B8626 /* Sources */,
				948ECF8B26AC7CC6007B8626 /* Frameworks */,
				948ECF8C26AC7CC6007B8626 /* Resources */,
				9F2D5643613E8C38A1D4F4B8 /* [CP] Embed Pods Frameworks */,
			);
			buildRules = (
			);
			dependencies = (
			);
			name = Pokedex;
			productName = Pokedex;
			productReference = 948ECF8E26AC7CC6007B8626 /* Pokedex.app */;
			productType = "com.apple.product-type.application";
		};
		948ECFA626AC7CC7007B8626 /* PokedexTests */ = {
			isa = PBXNativeTarget;
			buildConfigurationList = 948ECFBE26AC7CC7007B8626 /* Build configuration list for PBXNativeTarget "PokedexTests" */;
			buildPhases = (
				42C02A99F8546FBF5EEE2246 /* [CP] Check Pods Manifest.lock */,
				948ECFA326AC7CC7007B8626 /* Sources */,
				948ECFA426AC7CC7007B8626 /* Frameworks */,
				948ECFA526AC7CC7007B8626 /* Resources */,
			);
			buildRules = (
			);
			dependencies = (
				948ECFA926AC7CC7007B8626 /* PBXTargetDependency */,
			);
			name = PokedexTests;
			productName = PokedexTests;
			productReference = 948ECFA726AC7CC7007B8626 /* PokedexTests.xctest */;
			productType = "com.apple.product-type.bundle.unit-test";
		};
		948ECFB126AC7CC7007B8626 /* PokedexUITests */ = {
			isa = PBXNativeTarget;
			buildConfigurationList = 948ECFC126AC7CC7007B8626 /* Build configuration list for PBXNativeTarget "PokedexUITests" */;
			buildPhases = (
				BE127AB7E7014C22636DFC5C /* [CP] Check Pods Manifest.lock */,
				948ECFAE26AC7CC7007B8626 /* Sources */,
				948ECFAF26AC7CC7007B8626 /* Frameworks */,
				948ECFB026AC7CC7007B8626 /* Resources */,
				CF481D542E59124F91725E1E /* [CP] Embed Pods Frameworks */,
			);
			buildRules = (
			);
			dependencies = (
				948ECFB426AC7CC7007B8626 /* PBXTargetDependency */,
			);
			name = PokedexUITests;
			productName = PokedexUITests;
			productReference = 948ECFB226AC7CC7007B8626 /* PokedexUITests.xctest */;
			productType = "com.apple.product-type.bundle.ui-testing";
		};
/* End PBXNativeTarget section */

/* Begin PBXProject section */
		948ECF8626AC7CC6007B8626 /* Project object */ = {
			isa = PBXProject;
			attributes = {
				LastSwiftUpdateCheck = 1250;
				LastUpgradeCheck = 1250;
				TargetAttributes = {
					948ECF8D26AC7CC6007B8626 = {
						CreatedOnToolsVersion = 12.5.1;
					};
					948ECFA626AC7CC7007B8626 = {
						CreatedOnToolsVersion = 12.5.1;
						TestTargetID = 948ECF8D26AC7CC6007B8626;
					};
					948ECFB126AC7CC7007B8626 = {
						CreatedOnToolsVersion = 12.5.1;
						TestTargetID = 948ECF8D26AC7CC6007B8626;
					};
				};
			};
			buildConfigurationList = 948ECF8926AC7CC6007B8626 /* Build configuration list for PBXProject "Pokedex" */;
			compatibilityVersion = "Xcode 9.3";
			developmentRegion = en;
			hasScannedForEncodings = 0;
			knownRegions = (
				en,
				Base,
			);
			mainGroup = 948ECF8526AC7CC6007B8626;
			productRefGroup = 948ECF8F26AC7CC6007B8626 /* Products */;
			projectDirPath = "";
			projectRoot = "";
			targets = (
				948ECF8D26AC7CC6007B8626 /* Pokedex */,
				948ECFA626AC7CC7007B8626 /* PokedexTests */,
				948ECFB126AC7CC7007B8626 /* PokedexUITests */,
			);
		};
/* End PBXProject section */

/* Begin PBXResourcesBuildPhase section */
		948ECF8C26AC7CC6007B8626 /* Resources */ = {
			isa = PBXResourcesBuildPhase;
			buildActionMask = 2147483647;
			files = (
				948ECFA126AC7CC7007B8626 /* LaunchScreen.storyboard in Resources */,
				948ECF9E26AC7CC7007B8626 /* Assets.xcassets in Resources */,
				948ECF9926AC7CC6007B8626 /* Main.storyboard in Resources */,
				9460A82F26ACA8670069ADE3 /* Detail.storyboard in Resources */,
			);
			runOnlyForDeploymentPostprocessing = 0;
		};
		948ECFA526AC7CC7007B8626 /* Resources */ = {
			isa = PBXResourcesBuildPhase;
			buildActionMask = 2147483647;
			files = (
			);
			runOnlyForDeploymentPostprocessing = 0;
		};
		948ECFB026AC7CC7007B8626 /* Resources */ = {
			isa = PBXResourcesBuildPhase;
			buildActionMask = 2147483647;
			files = (
			);
			runOnlyForDeploymentPostprocessing = 0;
		};
/* End PBXResourcesBuildPhase section */

/* Begin PBXShellScriptBuildPhase section */
		2F58FD6B0A9D1DE8FB7856E8 /* [CP] Check Pods Manifest.lock */ = {
			isa = PBXShellScriptBuildPhase;
			buildActionMask = 2147483647;
			files = (
			);
			inputFileListPaths = (
			);
			inputPaths = (
				"${PODS_PODFILE_DIR_PATH}/Podfile.lock",
				"${PODS_ROOT}/Manifest.lock",
			);
			name = "[CP] Check Pods Manifest.lock";
			outputFileListPaths = (
			);
			outputPaths = (
				"$(DERIVED_FILE_DIR)/Pods-Pokedex-checkManifestLockResult.txt",
			);
			runOnlyForDeploymentPostprocessing = 0;
			shellPath = /bin/sh;
			shellScript = "diff \"${PODS_PODFILE_DIR_PATH}/Podfile.lock\" \"${PODS_ROOT}/Manifest.lock\" > /dev/null\nif [ $? != 0 ] ; then\n    # print error to STDERR\n    echo \"error: The sandbox is not in sync with the Podfile.lock. Run 'pod install' or update your CocoaPods installation.\" >&2\n    exit 1\nfi\n# This output is used by Xcode 'outputs' to avoid re-running this script phase.\necho \"SUCCESS\" > \"${SCRIPT_OUTPUT_FILE_0}\"\n";
			showEnvVarsInLog = 0;
		};
		42C02A99F8546FBF5EEE2246 /* [CP] Check Pods Manifest.lock */ = {
			isa = PBXShellScriptBuildPhase;
			buildActionMask = 2147483647;
			files = (
			);
			inputFileListPaths = (
			);
			inputPaths = (
				"${PODS_PODFILE_DIR_PATH}/Podfile.lock",
				"${PODS_ROOT}/Manifest.lock",
			);
			name = "[CP] Check Pods Manifest.lock";
			outputFileListPaths = (
			);
			outputPaths = (
				"$(DERIVED_FILE_DIR)/Pods-PokedexTests-checkManifestLockResult.txt",
			);
			runOnlyForDeploymentPostprocessing = 0;
			shellPath = /bin/sh;
			shellScript = "diff \"${PODS_PODFILE_DIR_PATH}/Podfile.lock\" \"${PODS_ROOT}/Manifest.lock\" > /dev/null\nif [ $? != 0 ] ; then\n    # print error to STDERR\n    echo \"error: The sandbox is not in sync with the Podfile.lock. Run 'pod install' or update your CocoaPods installation.\" >&2\n    exit 1\nfi\n# This output is used by Xcode 'outputs' to avoid re-running this script phase.\necho \"SUCCESS\" > \"${SCRIPT_OUTPUT_FILE_0}\"\n";
			showEnvVarsInLog = 0;
		};
		9F2D5643613E8C38A1D4F4B8 /* [CP] Embed Pods Frameworks */ = {
			isa = PBXShellScriptBuildPhase;
			buildActionMask = 2147483647;
			files = (
			);
			inputFileListPaths = (
				"${PODS_ROOT}/Target Support Files/Pods-Pokedex/Pods-Pokedex-frameworks-${CONFIGURATION}-input-files.xcfilelist",
			);
			name = "[CP] Embed Pods Frameworks";
			outputFileListPaths = (
				"${PODS_ROOT}/Target Support Files/Pods-Pokedex/Pods-Pokedex-frameworks-${CONFIGURATION}-output-files.xcfilelist",
			);
			runOnlyForDeploymentPostprocessing = 0;
			shellPath = /bin/sh;
			shellScript = "\"${PODS_ROOT}/Target Support Files/Pods-Pokedex/Pods-Pokedex-frameworks.sh\"\n";
			showEnvVarsInLog = 0;
		};
		BE127AB7E7014C22636DFC5C /* [CP] Check Pods Manifest.lock */ = {
			isa = PBXShellScriptBuildPhase;
			buildActionMask = 2147483647;
			files = (
			);
			inputFileListPaths = (
			);
			inputPaths = (
				"${PODS_PODFILE_DIR_PATH}/Podfile.lock",
				"${PODS_ROOT}/Manifest.lock",
			);
			name = "[CP] Check Pods Manifest.lock";
			outputFileListPaths = (
			);
			outputPaths = (
				"$(DERIVED_FILE_DIR)/Pods-Pokedex-PokedexUITests-checkManifestLockResult.txt",
			);
			runOnlyForDeploymentPostprocessing = 0;
			shellPath = /bin/sh;
			shellScript = "diff \"${PODS_PODFILE_DIR_PATH}/Podfile.lock\" \"${PODS_ROOT}/Manifest.lock\" > /dev/null\nif [ $? != 0 ] ; then\n    # print error to STDERR\n    echo \"error: The sandbox is not in sync with the Podfile.lock. Run 'pod install' or update your CocoaPods installation.\" >&2\n    exit 1\nfi\n# This output is used by Xcode 'outputs' to avoid re-running this script phase.\necho \"SUCCESS\" > \"${SCRIPT_OUTPUT_FILE_0}\"\n";
			showEnvVarsInLog = 0;
		};
		CF481D542E59124F91725E1E /* [CP] Embed Pods Frameworks */ = {
			isa = PBXShellScriptBuildPhase;
			buildActionMask = 2147483647;
			files = (
			);
			inputFileListPaths = (
				"${PODS_ROOT}/Target Support Files/Pods-Pokedex-PokedexUITests/Pods-Pokedex-PokedexUITests-frameworks-${CONFIGURATION}-input-files.xcfilelist",
			);
			name = "[CP] Embed Pods Frameworks";
			outputFileListPaths = (
				"${PODS_ROOT}/Target Support Files/Pods-Pokedex-PokedexUITests/Pods-Pokedex-PokedexUITests-frameworks-${CONFIGURATION}-output-files.xcfilelist",
			);
			runOnlyForDeploymentPostprocessing = 0;
			shellPath = /bin/sh;
			shellScript = "\"${PODS_ROOT}/Target Support Files/Pods-Pokedex-PokedexUITests/Pods-Pokedex-PokedexUITests-frameworks.sh\"\n";
			showEnvVarsInLog = 0;
		};
/* End PBXShellScriptBuildPhase section */

/* Begin PBXSourcesBuildPhase section */
		948ECF8A26AC7CC6007B8626 /* Sources */ = {
			isa = PBXSourcesBuildPhase;
			buildActionMask = 2147483647;
			files = (
				9460A83926ACC0840069ADE3 /* MockDataSource.swift in Sources */,
				9460A83726ACC0600069ADE3 /* UIView+Extensions.swift in Sources */,
				948ECF9C26AC7CC6007B8626 /* Pokedex.xcdatamodeld in Sources */,
				948ECF9626AC7CC6007B8626 /* ViewController.swift in Sources */,
				9460A83126ACAB770069ADE3 /* PokemonDetailViewController.swift in Sources */,
				948ECF9226AC7CC6007B8626 /* AppDelegate.swift in Sources */,
				948ECF9426AC7CC6007B8626 /* SceneDelegate.swift in Sources */,
			);
			runOnlyForDeploymentPostprocessing = 0;
		};
		948ECFA326AC7CC7007B8626 /* Sources */ = {
			isa = PBXSourcesBuildPhase;
			buildActionMask = 2147483647;
			files = (
				948ECFAC26AC7CC7007B8626 /* PokedexTests.swift in Sources */,
			);
			runOnlyForDeploymentPostprocessing = 0;
		};
		948ECFAE26AC7CC7007B8626 /* Sources */ = {
			isa = PBXSourcesBuildPhase;
			buildActionMask = 2147483647;
			files = (
				948ECFB726AC7CC7007B8626 /* PokedexUITests.swift in Sources */,
			);
			runOnlyForDeploymentPostprocessing = 0;
		};
/* End PBXSourcesBuildPhase section */

/* Begin PBXTargetDependency section */
		948ECFA926AC7CC7007B8626 /* PBXTargetDependency */ = {
			isa = PBXTargetDependency;
			target = 948ECF8D26AC7CC6007B8626 /* Pokedex */;
			targetProxy = 948ECFA826AC7CC7007B8626 /* PBXContainerItemProxy */;
		};
		948ECFB426AC7CC7007B8626 /* PBXTargetDependency */ = {
			isa = PBXTargetDependency;
			target = 948ECF8D26AC7CC6007B8626 /* Pokedex */;
			targetProxy = 948ECFB326AC7CC7007B8626 /* PBXContainerItemProxy */;
		};
/* End PBXTargetDependency section */

/* Begin PBXVariantGroup section */
		948ECF9726AC7CC6007B8626 /* Main.storyboard */ = {
			isa = PBXVariantGroup;
			children = (
				948ECF9826AC7CC6007B8626 /* Base */,
			);
			name = Main.storyboard;
			sourceTree = "<group>";
		};
		948ECF9F26AC7CC7007B8626 /* LaunchScreen.storyboard */ = {
			isa = PBXVariantGroup;
			children = (
				948ECFA026AC7CC7007B8626 /* Base */,
			);
			name = LaunchScreen.storyboard;
			sourceTree = "<group>";
		};
/* End PBXVariantGroup section */

/* Begin XCBuildConfiguration section */
		948ECFB926AC7CC7007B8626 /* Debug */ = {
			isa = XCBuildConfiguration;
			buildSettings = {
				ALWAYS_SEARCH_USER_PATHS = NO;
				CLANG_ANALYZER_NONNULL = YES;
				CLANG_ANALYZER_NUMBER_OBJECT_CONVERSION = YES_AGGRESSIVE;
				CLANG_CXX_LANGUAGE_STANDARD = "gnu++14";
				CLANG_CXX_LIBRARY = "libc++";
				CLANG_ENABLE_MODULES = YES;
				CLANG_ENABLE_OBJC_ARC = YES;
				CLANG_ENABLE_OBJC_WEAK = YES;
				CLANG_WARN_BLOCK_CAPTURE_AUTORELEASING = YES;
				CLANG_WARN_BOOL_CONVERSION = YES;
				CLANG_WARN_COMMA = YES;
				CLANG_WARN_CONSTANT_CONVERSION = YES;
				CLANG_WARN_DEPRECATED_OBJC_IMPLEMENTATIONS = YES;
				CLANG_WARN_DIRECT_OBJC_ISA_USAGE = YES_ERROR;
				CLANG_WARN_DOCUMENTATION_COMMENTS = YES;
				CLANG_WARN_EMPTY_BODY = YES;
				CLANG_WARN_ENUM_CONVERSION = YES;
				CLANG_WARN_INFINITE_RECURSION = YES;
				CLANG_WARN_INT_CONVERSION = YES;
				CLANG_WARN_NON_LITERAL_NULL_CONVERSION = YES;
				CLANG_WARN_OBJC_IMPLICIT_RETAIN_SELF = YES;
				CLANG_WARN_OBJC_LITERAL_CONVERSION = YES;
				CLANG_WARN_OBJC_ROOT_CLASS = YES_ERROR;
				CLANG_WARN_QUOTED_INCLUDE_IN_FRAMEWORK_HEADER = YES;
				CLANG_WARN_RANGE_LOOP_ANALYSIS = YES;
				CLANG_WARN_STRICT_PROTOTYPES = YES;
				CLANG_WARN_SUSPICIOUS_MOVE = YES;
				CLANG_WARN_UNGUARDED_AVAILABILITY = YES_AGGRESSIVE;
				CLANG_WARN_UNREACHABLE_CODE = YES;
				CLANG_WARN__DUPLICATE_METHOD_MATCH = YES;
				COPY_PHASE_STRIP = NO;
				DEBUG_INFORMATION_FORMAT = dwarf;
				ENABLE_STRICT_OBJC_MSGSEND = YES;
				ENABLE_TESTABILITY = YES;
				GCC_C_LANGUAGE_STANDARD = gnu11;
				GCC_DYNAMIC_NO_PIC = NO;
				GCC_NO_COMMON_BLOCKS = YES;
				GCC_OPTIMIZATION_LEVEL = 0;
				GCC_PREPROCESSOR_DEFINITIONS = (
					"DEBUG=1",
					"$(inherited)",
				);
				GCC_WARN_64_TO_32_BIT_CONVERSION = YES;
				GCC_WARN_ABOUT_RETURN_TYPE = YES_ERROR;
				GCC_WARN_UNDECLARED_SELECTOR = YES;
				GCC_WARN_UNINITIALIZED_AUTOS = YES_AGGRESSIVE;
				GCC_WARN_UNUSED_FUNCTION = YES;
				GCC_WARN_UNUSED_VARIABLE = YES;
				IPHONEOS_DEPLOYMENT_TARGET = 14.5;
				MTL_ENABLE_DEBUG_INFO = INCLUDE_SOURCE;
				MTL_FAST_MATH = YES;
				ONLY_ACTIVE_ARCH = YES;
				SDKROOT = iphoneos;
				SWIFT_ACTIVE_COMPILATION_CONDITIONS = DEBUG;
				SWIFT_OPTIMIZATION_LEVEL = "-Onone";
			};
			name = Debug;
		};
		948ECFBA26AC7CC7007B8626 /* Release */ = {
			isa = XCBuildConfiguration;
			buildSettings = {
				ALWAYS_SEARCH_USER_PATHS = NO;
				CLANG_ANALYZER_NONNULL = YES;
				CLANG_ANALYZER_NUMBER_OBJECT_CONVERSION = YES_AGGRESSIVE;
				CLANG_CXX_LANGUAGE_STANDARD = "gnu++14";
				CLANG_CXX_LIBRARY = "libc++";
				CLANG_ENABLE_MODULES = YES;
				CLANG_ENABLE_OBJC_ARC = YES;
				CLANG_ENABLE_OBJC_WEAK = YES;
				CLANG_WARN_BLOCK_CAPTURE_AUTORELEASING = YES;
				CLANG_WARN_BOOL_CONVERSION = YES;
				CLANG_WARN_COMMA = YES;
				CLANG_WARN_CONSTANT_CONVERSION = YES;
				CLANG_WARN_DEPRECATED_OBJC_IMPLEMENTATIONS = YES;
				CLANG_WARN_DIRECT_OBJC_ISA_USAGE = YES_ERROR;
				CLANG_WARN_DOCUMENTATION_COMMENTS = YES;
				CLANG_WARN_EMPTY_BODY = YES;
				CLANG_WARN_ENUM_CONVERSION = YES;
				CLANG_WARN_INFINITE_RECURSION = YES;
				CLANG_WARN_INT_CONVERSION = YES;
				CLANG_WARN_NON_LITERAL_NULL_CONVERSION = YES;
				CLANG_WARN_OBJC_IMPLICIT_RETAIN_SELF = YES;
				CLANG_WARN_OBJC_LITERAL_CONVERSION = YES;
				CLANG_WARN_OBJC_ROOT_CLASS = YES_ERROR;
				CLANG_WARN_QUOTED_INCLUDE_IN_FRAMEWORK_HEADER = YES;
				CLANG_WARN_RANGE_LOOP_ANALYSIS = YES;
				CLANG_WARN_STRICT_PROTOTYPES = YES;
				CLANG_WARN_SUSPICIOUS_MOVE = YES;
				CLANG_WARN_UNGUARDED_AVAILABILITY = YES_AGGRESSIVE;
				CLANG_WARN_UNREACHABLE_CODE = YES;
				CLANG_WARN__DUPLICATE_METHOD_MATCH = YES;
				COPY_PHASE_STRIP = NO;
				DEBUG_INFORMATION_FORMAT = "dwarf-with-dsym";
				ENABLE_NS_ASSERTIONS = NO;
				ENABLE_STRICT_OBJC_MSGSEND = YES;
				GCC_C_LANGUAGE_STANDARD = gnu11;
				GCC_NO_COMMON_BLOCKS = YES;
				GCC_WARN_64_TO_32_BIT_CONVERSION = YES;
				GCC_WARN_ABOUT_RETURN_TYPE = YES_ERROR;
				GCC_WARN_UNDECLARED_SELECTOR = YES;
				GCC_WARN_UNINITIALIZED_AUTOS = YES_AGGRESSIVE;
				GCC_WARN_UNUSED_FUNCTION = YES;
				GCC_WARN_UNUSED_VARIABLE = YES;
				IPHONEOS_DEPLOYMENT_TARGET = 14.5;
				MTL_ENABLE_DEBUG_INFO = NO;
				MTL_FAST_MATH = YES;
				SDKROOT = iphoneos;
				SWIFT_COMPILATION_MODE = wholemodule;
				SWIFT_OPTIMIZATION_LEVEL = "-O";
				VALIDATE_PRODUCT = YES;
			};
			name = Release;
		};
		948ECFBC26AC7CC7007B8626 /* Debug */ = {
			isa = XCBuildConfiguration;
			baseConfigurationReference = 165DB860C1A57AADC6A0F2C2 /* Pods-Pokedex.debug.xcconfig */;
			buildSettings = {
				ASSETCATALOG_COMPILER_APPICON_NAME = AppIcon;
				ASSETCATALOG_COMPILER_GLOBAL_ACCENT_COLOR_NAME = AccentColor;
				CODE_SIGN_STYLE = Automatic;
				DEVELOPMENT_TEAM = U9SQ38577K;
				INFOPLIST_FILE = Pokedex/Info.plist;
				IPHONEOS_DEPLOYMENT_TARGET = 13.0;
				LD_RUNPATH_SEARCH_PATHS = (
					"$(inherited)",
					"@executable_path/Frameworks",
				);
				PRODUCT_BUNDLE_IDENTIFIER = com.itjuana.Pokedex;
				PRODUCT_NAME = "$(TARGET_NAME)";
				SWIFT_VERSION = 5.0;
				TARGETED_DEVICE_FAMILY = 1;
			};
			name = Debug;
		};
		948ECFBD26AC7CC7007B8626 /* Release */ = {
			isa = XCBuildConfiguration;
			baseConfigurationReference = D39402CE3BE0CD60D0558114 /* Pods-Pokedex.release.xcconfig */;
			buildSettings = {
				ASSETCATALOG_COMPILER_APPICON_NAME = AppIcon;
				ASSETCATALOG_COMPILER_GLOBAL_ACCENT_COLOR_NAME = AccentColor;
				CODE_SIGN_STYLE = Automatic;
				DEVELOPMENT_TEAM = U9SQ38577K;
				INFOPLIST_FILE = Pokedex/Info.plist;
				IPHONEOS_DEPLOYMENT_TARGET = 13.0;
				LD_RUNPATH_SEARCH_PATHS = (
					"$(inherited)",
					"@executable_path/Frameworks",
				);
				PRODUCT_BUNDLE_IDENTIFIER = com.itjuana.Pokedex;
				PRODUCT_NAME = "$(TARGET_NAME)";
				SWIFT_VERSION = 5.0;
				TARGETED_DEVICE_FAMILY = 1;
			};
			name = Release;
		};
		948ECFBF26AC7CC7007B8626 /* Debug */ = {
			isa = XCBuildConfiguration;
			baseConfigurationReference = 31FE45EAA8D41D89EFF9C4AB /* Pods-PokedexTests.debug.xcconfig */;
			buildSettings = {
				ALWAYS_EMBED_SWIFT_STANDARD_LIBRARIES = YES;
				BUNDLE_LOADER = "$(TEST_HOST)";
				CODE_SIGN_STYLE = Automatic;
				DEVELOPMENT_TEAM = U9SQ38577K;
				INFOPLIST_FILE = PokedexTests/Info.plist;
				IPHONEOS_DEPLOYMENT_TARGET = 14.5;
				LD_RUNPATH_SEARCH_PATHS = (
					"$(inherited)",
					"@executable_path/Frameworks",
					"@loader_path/Frameworks",
				);
				PRODUCT_BUNDLE_IDENTIFIER = com.itjuana.PokedexTests;
				PRODUCT_NAME = "$(TARGET_NAME)";
				SWIFT_VERSION = 5.0;
				TARGETED_DEVICE_FAMILY = "1,2";
				TEST_HOST = "$(BUILT_PRODUCTS_DIR)/Pokedex.app/Pokedex";
			};
			name = Debug;
		};
		948ECFC026AC7CC7007B8626 /* Release */ = {
			isa = XCBuildConfiguration;
			baseConfigurationReference = 85BD0D6009CE48656AA79DE4 /* Pods-PokedexTests.release.xcconfig */;
			buildSettings = {
				ALWAYS_EMBED_SWIFT_STANDARD_LIBRARIES = YES;
				BUNDLE_LOADER = "$(TEST_HOST)";
				CODE_SIGN_STYLE = Automatic;
				DEVELOPMENT_TEAM = U9SQ38577K;
				INFOPLIST_FILE = PokedexTests/Info.plist;
				IPHONEOS_DEPLOYMENT_TARGET = 14.5;
				LD_RUNPATH_SEARCH_PATHS = (
					"$(inherited)",
					"@executable_path/Frameworks",
					"@loader_path/Frameworks",
				);
				PRODUCT_BUNDLE_IDENTIFIER = com.itjuana.PokedexTests;
				PRODUCT_NAME = "$(TARGET_NAME)";
				SWIFT_VERSION = 5.0;
				TARGETED_DEVICE_FAMILY = "1,2";
				TEST_HOST = "$(BUILT_PRODUCTS_DIR)/Pokedex.app/Pokedex";
			};
			name = Release;
		};
		948ECFC226AC7CC7007B8626 /* Debug */ = {
			isa = XCBuildConfiguration;
			baseConfigurationReference = 824065CDCDF521A47847DB95 /* Pods-Pokedex-PokedexUITests.debug.xcconfig */;
			buildSettings = {
				ALWAYS_EMBED_SWIFT_STANDARD_LIBRARIES = YES;
				CODE_SIGN_STYLE = Automatic;
				DEVELOPMENT_TEAM = U9SQ38577K;
				INFOPLIST_FILE = PokedexUITests/Info.plist;
				LD_RUNPATH_SEARCH_PATHS = (
					"$(inherited)",
					"@executable_path/Frameworks",
					"@loader_path/Frameworks",
				);
				PRODUCT_BUNDLE_IDENTIFIER = com.itjuana.PokedexUITests;
				PRODUCT_NAME = "$(TARGET_NAME)";
				SWIFT_VERSION = 5.0;
				TARGETED_DEVICE_FAMILY = "1,2";
				TEST_TARGET_NAME = Pokedex;
			};
			name = Debug;
		};
		948ECFC326AC7CC7007B8626 /* Release */ = {
			isa = XCBuildConfiguration;
			baseConfigurationReference = 5CE0D241DD9601DD00BFCEB8 /* Pods-Pokedex-PokedexUITests.release.xcconfig */;
			buildSettings = {
				ALWAYS_EMBED_SWIFT_STANDARD_LIBRARIES = YES;
				CODE_SIGN_STYLE = Automatic;
				DEVELOPMENT_TEAM = U9SQ38577K;
				INFOPLIST_FILE = PokedexUITests/Info.plist;
				LD_RUNPATH_SEARCH_PATHS = (
					"$(inherited)",
					"@executable_path/Frameworks",
					"@loader_path/Frameworks",
				);
				PRODUCT_BUNDLE_IDENTIFIER = com.itjuana.PokedexUITests;
				PRODUCT_NAME = "$(TARGET_NAME)";
				SWIFT_VERSION = 5.0;
				TARGETED_DEVICE_FAMILY = "1,2";
				TEST_TARGET_NAME = Pokedex;
			};
			name = Release;
		};
/* End XCBuildConfiguration section */

/* Begin XCConfigurationList section */
		948ECF8926AC7CC6007B8626 /* Build configuration list for PBXProject "Pokedex" */ = {
			isa = XCConfigurationList;
			buildConfigurations = (
				948ECFB926AC7CC7007B8626 /* Debug */,
				948ECFBA26AC7CC7007B8626 /* Release */,
			);
			defaultConfigurationIsVisible = 0;
			defaultConfigurationName = Release;
		};
		948ECFBB26AC7CC7007B8626 /* Build configuration list for PBXNativeTarget "Pokedex" */ = {
			isa = XCConfigurationList;
			buildConfigurations = (
				948ECFBC26AC7CC7007B8626 /* Debug */,
				948ECFBD26AC7CC7007B8626 /* Release */,
			);
			defaultConfigurationIsVisible = 0;
			defaultConfigurationName = Release;
		};
		948ECFBE26AC7CC7007B8626 /* Build configuration list for PBXNativeTarget "PokedexTests" */ = {
			isa = XCConfigurationList;
			buildConfigurations = (
				948ECFBF26AC7CC7007B8626 /* Debug */,
				948ECFC026AC7CC7007B8626 /* Release */,
			);
			defaultConfigurationIsVisible = 0;
			defaultConfigurationName = Release;
		};
		948ECFC126AC7CC7007B8626 /* Build configuration list for PBXNativeTarget "PokedexUITests" */ = {
			isa = XCConfigurationList;
			buildConfigurations = (
				948ECFC226AC7CC7007B8626 /* Debug */,
				948ECFC326AC7CC7007B8626 /* Release */,
			);
			defaultConfigurationIsVisible = 0;
			defaultConfigurationName = Release;
		};
/* End XCConfigurationList section */

/* Begin XCVersionGroup section */
		948ECF9A26AC7CC6007B8626 /* Pokedex.xcdatamodeld */ = {
			isa = XCVersionGroup;
			children = (
				948ECF9B26AC7CC6007B8626 /* Pokedex.xcdatamodel */,
			);
			currentVersion = 948ECF9B26AC7CC6007B8626 /* Pokedex.xcdatamodel */;
			path = Pokedex.xcdatamodeld;
			sourceTree = "<group>";
			versionGroupType = wrapper.xcdatamodel;
		};
/* End XCVersionGroup section */
	};
	rootObject = 948ECF8626AC7CC6007B8626 /* Project object */;
}
